
Microsoft Visual Studio Solution File, Format Version 12.00
# Visual Studio Version 16
VisualStudioVersion = 16.0.30128.74
MinimumVisualStudioVersion = 10.0.40219.1
Project("{FAE04EC0-301F-11D3-BF4B-00C04F79EFBC}") = "MyFirstCSharpApp", "MyFirstCSharpApp\MyFirstCSharpApp.csproj", "{71BF2509-F30F-4CA8-9FDF-6906B988B745}"
EndProject
Project("{FAE04EC0-301F-11D3-BF4B-00C04F79EFBC}") = "Logic", "Logic\Logic.csproj", "{4ED858B3-EF87-41CB-B3E8-AE48A056B678}"
EndProject
Global
	GlobalSection(SolutionConfigurationPlatforms) = preSolution
		Debug|Any CPU = Debug|Any CPU
		Release|Any CPU = Release|Any CPU
	EndGlobalSection
	GlobalSection(ProjectConfigurationPlatforms) = postSolution
		{71BF2509-F30F-4CA8-9FDF-6906B988B745}.Debug|Any CPU.ActiveCfg = Debug|Any CPU
		{71BF2509-F30F-4CA8-9FDF-6906B988B745}.Debug|Any CPU.Build.0 = Debug|Any CPU
		{71BF2509-F30F-4CA8-9FDF-6906B988B745}.Release|Any CPU.ActiveCfg = Release|Any CPU
		{71BF2509-F30F-4CA8-9FDF-6906B988B745}.Release|Any CPU.Build.0 = Release|Any CPU
		{4ED858B3-EF87-41CB-B3E8-AE48A056B678}.Debug|Any CPU.ActiveCfg = Debug|Any CPU
		{4ED858B3-EF87-41CB-B3E8-AE48A056B678}.Debug|Any CPU.Build.0 = Debug|Any CPU
		{4ED858B3-EF87-41CB-B3E8-AE48A056B678}.Release|Any CPU.ActiveCfg = Release|Any CPU
		{4ED858B3-EF87-41CB-B3E8-AE48A056B678}.Release|Any CPU.Build.0 = Release|Any CPU
	EndGlobalSection
	GlobalSection(SolutionProperties) = preSolution
		HideSolutionNode = FALSE
	EndGlobalSection
	GlobalSection(ExtensibilityGlobals) = postSolution
		SolutionGuid = {585B1ABC-5FAE-433D-8882-35FDA8479E33}
	EndGlobalSection
EndGlobal
